
Microsoft Visual Studio Solution File, Format Version 12.00
# Visual Studio 15
VisualStudioVersion = 15.0.28307.329
MinimumVisualStudioVersion = 10.0.40219.1
Project("{FAE04EC0-301F-11D3-BF4B-00C04F79EFBC}") = "CmdDepot", "CmdDepot\CmdDepot.csproj", "{C61520A8-8181-49D0-8636-B676D2A4200F}"
EndProject
Global
	GlobalSection(SolutionConfigurationPlatforms) = preSolution
		Debug|Any CPU = Debug|Any CPU
		Release|Any CPU = Release|Any CPU
	EndGlobalSection
	GlobalSection(ProjectConfigurationPlatforms) = postSolution
		{C61520A8-8181-49D0-8636-B676D2A4200F}.Debug|Any CPU.ActiveCfg = Debug|Any CPU
		{C61520A8-8181-49D0-8636-B676D2A4200F}.Debug|Any CPU.Build.0 = Debug|Any CPU
		{C61520A8-8181-49D0-8636-B676D2A4200F}.Release|Any CPU.ActiveCfg = Release|Any CPU
		{C61520A8-8181-49D0-8636-B676D2A4200F}.Release|Any CPU.Build.0 = Release|Any CPU
	EndGlobalSection
	GlobalSection(SolutionProperties) = preSolution
		HideSolutionNode = FALSE
	EndGlobalSection
	GlobalSection(ExtensibilityGlobals) = postSolution
		SolutionGuid = {595D7795-ADE1-4D03-91E1-734D0B7447FC}
	EndGlobalSection
EndGlobal
